
Microsoft Visual Studio Solution File, Format Version 12.00
# Visual Studio Version 17
VisualStudioVersion = 17.11.35312.102
MinimumVisualStudioVersion = 10.0.40219.1
Project("{2150E333-8FDC-42A3-9474-1A3956D46DE8}") = "oj作业", "oj作业", "{F2AEEDDA-C16D-4A93-8DAE-91870531CC24}"
EndProject
Project("{2150E333-8FDC-42A3-9474-1A3956D46DE8}") = "第二次作业", "第二次作业", "{F13D3374-D81C-46D7-B947-84D639038331}"
EndProject
Project("{2150E333-8FDC-42A3-9474-1A3956D46DE8}") = "第三次作业", "第三次作业", "{FAE12EF0-905F-4082-AD64-5E08EF500BBD}"
EndProject
Project("{2150E333-8FDC-42A3-9474-1A3956D46DE8}") = "第四次作业", "第四次作业", "{872A4C78-9087-4B32-907D-E54617D117DD}"
EndProject
Project("{8BC9CEB8-8B4A-11D0-8D11-00A0C91BC942}") = "C2", "C2\C2.vcxproj", "{6CDD6C66-85C3-4EF9-AB7A-55F99C4F6DC8}"
EndProject
Project("{8BC9CEB8-8B4A-11D0-8D11-00A0C91BC942}") = "C3", "C3\C3.vcxproj", "{57DA36AD-7EF5-4931-8815-58587D4DC84E}"
EndProject
Project("{8BC9CEB8-8B4A-11D0-8D11-00A0C91BC942}") = "C4", "C4\C4.vcxproj", "{54C268A0-86E7-4A16-84DE-148EF6EF89E8}"
EndProject
Project("{2150E333-8FDC-42A3-9474-1A3956D46DE8}") = "C program", "C program", "{BD0E6B72-4C8B-401A-A17C-046E3F59B49B}"
EndProject
Project("{8BC9CEB8-8B4A-11D0-8D11-00A0C91BC942}") = "平时代码", "平时代码\平时代码.vcxproj", "{D6281013-D04A-433B-91A3-5819C086F901}"
EndProject
Project("{2150E333-8FDC-42A3-9474-1A3956D46DE8}") = "第五次作业", "第五次作业", "{39ECB0E5-8F8D-424C-837D-DB1D5C9F743C}"
EndProject
Project("{8BC9CEB8-8B4A-11D0-8D11-00A0C91BC942}") = "C5", "C5\C5.vcxproj", "{30CE81A5-5F47-4D3F-9160-9DCC3C1BD9AB}"
EndProject
Project("{2150E333-8FDC-42A3-9474-1A3956D46DE8}") = "半期考试（第一批）", "半期考试（第一批）", "{65E8A6F2-767F-4CB2-8A47-35EF573BE9A7}"
EndProject
Project("{8BC9CEB8-8B4A-11D0-8D11-00A0C91BC942}") = "111", "111\111.vcxproj", "{44C707DC-E063-4F9B-AB2E-852B8329A47E}"
EndProject
Project("{2150E333-8FDC-42A3-9474-1A3956D46DE8}") = "半期考试（第二批）", "半期考试（第二批）", "{BAB9BD61-97EC-4703-9D70-1F6F46FFB2F7}"
EndProject
Project("{8BC9CEB8-8B4A-11D0-8D11-00A0C91BC942}") = "222", "222\222.vcxproj", "{CCC10F47-224E-4BA8-8BA1-0B68F93096A7}"
EndProject
Project("{2150E333-8FDC-42A3-9474-1A3956D46DE8}") = "第四次小测", "第四次小测", "{8A84CE3C-9E80-409A-B4CF-6A20E96E30EB}"
EndProject
Project("{8BC9CEB8-8B4A-11D0-8D11-00A0C91BC942}") = "444", "444\444.vcxproj", "{6538C928-D736-446D-A070-6A232666656F}"
EndProject
Project("{2150E333-8FDC-42A3-9474-1A3956D46DE8}") = "第六次作业", "第六次作业", "{03C71A89-24F1-4203-B4CE-F8B3A56BCF43}"
EndProject
Project("{8BC9CEB8-8B4A-11D0-8D11-00A0C91BC942}") = "C6", "C6\C6.vcxproj", "{3377AE64-7251-48B4-B964-31EC8E50429D}"
EndProject
Project("{2150E333-8FDC-42A3-9474-1A3956D46DE8}") = "第七次作业", "第七次作业", "{17ECC12A-2DAE-499F-98EE-B5EB4A5C399C}"
EndProject
Project("{8BC9CEB8-8B4A-11D0-8D11-00A0C91BC942}") = "C7", "C7\C7.vcxproj", "{256F1A07-AA4F-4607-BD8C-F7E0E5061C7A}"
EndProject
Project("{2150E333-8FDC-42A3-9474-1A3956D46DE8}") = "第八次作业", "第八次作业", "{04078D66-CD80-4FB7-96F2-D9C12D6A5428}"
EndProject
Project("{8BC9CEB8-8B4A-11D0-8D11-00A0C91BC942}") = "C8", "C8\C8.vcxproj", "{3D7A37AE-A01D-49CC-BFC4-8A4AACFF480F}"
EndProject
Project("{2150E333-8FDC-42A3-9474-1A3956D46DE8}") = "第九次作业", "第九次作业", "{1F5881E4-9775-4608-8A6D-C908451AA1DD}"
EndProject
Project("{8BC9CEB8-8B4A-11D0-8D11-00A0C91BC942}") = "C9", "C9\C9.vcxproj", "{64F22616-3744-44DA-B578-68E8FBD0D721}"
EndProject
Global
	GlobalSection(SolutionConfigurationPlatforms) = preSolution
		Debug|x64 = Debug|x64
		Debug|x86 = Debug|x86
		Release|x64 = Release|x64
		Release|x86 = Release|x86
	EndGlobalSection
	GlobalSection(ProjectConfigurationPlatforms) = postSolution
		{6CDD6C66-85C3-4EF9-AB7A-55F99C4F6DC8}.Debug|x64.ActiveCfg = Debug|x64
		{6CDD6C66-85C3-4EF9-AB7A-55F99C4F6DC8}.Debug|x64.Build.0 = Debug|x64
		{6CDD6C66-85C3-4EF9-AB7A-55F99C4F6DC8}.Debug|x86.ActiveCfg = Debug|Win32
		{6CDD6C66-85C3-4EF9-AB7A-55F99C4F6DC8}.Debug|x86.Build.0 = Debug|Win32
		{6CDD6C66-85C3-4EF9-AB7A-55F99C4F6DC8}.Release|x64.ActiveCfg = Release|x64
		{6CDD6C66-85C3-4EF9-AB7A-55F99C4F6DC8}.Release|x64.Build.0 = Release|x64
		{6CDD6C66-85C3-4EF9-AB7A-55F99C4F6DC8}.Release|x86.ActiveCfg = Release|Win32
		{6CDD6C66-85C3-4EF9-AB7A-55F99C4F6DC8}.Release|x86.Build.0 = Release|Win32
		{57DA36AD-7EF5-4931-8815-58587D4DC84E}.Debug|x64.ActiveCfg = Debug|x64
		{57DA36AD-7EF5-4931-8815-58587D4DC84E}.Debug|x64.Build.0 = Debug|x64
		{57DA36AD-7EF5-4931-8815-58587D4DC84E}.Debug|x86.ActiveCfg = Debug|Win32
		{57DA36AD-7EF5-4931-8815-58587D4DC84E}.Debug|x86.Build.0 = Debug|Win32
		{57DA36AD-7EF5-4931-8815-58587D4DC84E}.Release|x64.ActiveCfg = Release|x64
		{57DA36AD-7EF5-4931-8815-58587D4DC84E}.Release|x64.Build.0 = Release|x64
		{57DA36AD-7EF5-4931-8815-58587D4DC84E}.Release|x86.ActiveCfg = Release|Win32
		{57DA36AD-7EF5-4931-8815-58587D4DC84E}.Release|x86.Build.0 = Release|Win32
		{54C268A0-86E7-4A16-84DE-148EF6EF89E8}.Debug|x64.ActiveCfg = Debug|x64
		{54C268A0-86E7-4A16-84DE-148EF6EF89E8}.Debug|x64.Build.0 = Debug|x64
		{54C268A0-86E7-4A16-84DE-148EF6EF89E8}.Debug|x86.ActiveCfg = Debug|Win32
		{54C268A0-86E7-4A16-84DE-148EF6EF89E8}.Debug|x86.Build.0 = Debug|Win32
		{54C268A0-86E7-4A16-84DE-148EF6EF89E8}.Release|x64.ActiveCfg = Release|x64
		{54C268A0-86E7-4A16-84DE-148EF6EF89E8}.Release|x64.Build.0 = Release|x64
		{54C268A0-86E7-4A16-84DE-148EF6EF89E8}.Release|x86.ActiveCfg = Release|Win32
		{54C268A0-86E7-4A16-84DE-148EF6EF89E8}.Release|x86.Build.0 = Release|Win32
		{D6281013-D04A-433B-91A3-5819C086F901}.Debug|x64.ActiveCfg = Debug|x64
		{D6281013-D04A-433B-91A3-5819C086F901}.Debug|x64.Build.0 = Debug|x64
		{D6281013-D04A-433B-91A3-5819C086F901}.Debug|x86.ActiveCfg = Debug|Win32
		{D6281013-D04A-433B-91A3-5819C086F901}.Debug|x86.Build.0 = Debug|Win32
		{D6281013-D04A-433B-91A3-5819C086F901}.Release|x64.ActiveCfg = Release|x64
		{D6281013-D04A-433B-91A3-5819C086F901}.Release|x64.Build.0 = Release|x64
		{D6281013-D04A-433B-91A3-5819C086F901}.Release|x86.ActiveCfg = Release|Win32
		{D6281013-D04A-433B-91A3-5819C086F901}.Release|x86.Build.0 = Release|Win32
		{30CE81A5-5F47-4D3F-9160-9DCC3C1BD9AB}.Debug|x64.ActiveCfg = Debug|x64
		{30CE81A5-5F47-4D3F-9160-9DCC3C1BD9AB}.Debug|x64.Build.0 = Debug|x64
		{30CE81A5-5F47-4D3F-9160-9DCC3C1BD9AB}.Debug|x86.ActiveCfg = Debug|Win32
		{30CE81A5-5F47-4D3F-9160-9DCC3C1BD9AB}.Debug|x86.Build.0 = Debug|Win32
		{30CE81A5-5F47-4D3F-9160-9DCC3C1BD9AB}.Release|x64.ActiveCfg = Release|x64
		{30CE81A5-5F47-4D3F-9160-9DCC3C1BD9AB}.Release|x64.Build.0 = Release|x64
		{30CE81A5-5F47-4D3F-9160-9DCC3C1BD9AB}.Release|x86.ActiveCfg = Release|Win32
		{30CE81A5-5F47-4D3F-9160-9DCC3C1BD9AB}.Release|x86.Build.0 = Release|Win32
		{44C707DC-E063-4F9B-AB2E-852B8329A47E}.Debug|x64.ActiveCfg = Debug|x64
		{44C707DC-E063-4F9B-AB2E-852B8329A47E}.Debug|x64.Build.0 = Debug|x64
		{44C707DC-E063-4F9B-AB2E-852B8329A47E}.Debug|x86.ActiveCfg = Debug|Win32
		{44C707DC-E063-4F9B-AB2E-852B8329A47E}.Debug|x86.Build.0 = Debug|Win32
		{44C707DC-E063-4F9B-AB2E-852B8329A47E}.Release|x64.ActiveCfg = Release|x64
		{44C707DC-E063-4F9B-AB2E-852B8329A47E}.Release|x64.Build.0 = Release|x64
		{44C707DC-E063-4F9B-AB2E-852B8329A47E}.Release|x86.ActiveCfg = Release|Win32
		{44C707DC-E063-4F9B-AB2E-852B8329A47E}.Release|x86.Build.0 = Release|Win32
		{CCC10F47-224E-4BA8-8BA1-0B68F93096A7}.Debug|x64.ActiveCfg = Debug|x64
		{CCC10F47-224E-4BA8-8BA1-0B68F93096A7}.Debug|x64.Build.0 = Debug|x64
		{CCC10F47-224E-4BA8-8BA1-0B68F93096A7}.Debug|x86.ActiveCfg = Debug|Win32
		{CCC10F47-224E-4BA8-8BA1-0B68F93096A7}.Debug|x86.Build.0 = Debug|Win32
		{CCC10F47-224E-4BA8-8BA1-0B68F93096A7}.Release|x64.ActiveCfg = Release|x64
		{CCC10F47-224E-4BA8-8BA1-0B68F93096A7}.Release|x64.Build.0 = Release|x64
		{CCC10F47-224E-4BA8-8BA1-0B68F93096A7}.Release|x86.ActiveCfg = Release|Win32
		{CCC10F47-224E-4BA8-8BA1-0B68F93096A7}.Release|x86.Build.0 = Release|Win32
		{6538C928-D736-446D-A070-6A232666656F}.Debug|x64.ActiveCfg = Debug|x64
		{6538C928-D736-446D-A070-6A232666656F}.Debug|x64.Build.0 = Debug|x64
		{6538C928-D736-446D-A070-6A232666656F}.Debug|x86.ActiveCfg = Debug|Win32
		{6538C928-D736-446D-A070-6A232666656F}.Debug|x86.Build.0 = Debug|Win32
		{6538C928-D736-446D-A070-6A232666656F}.Release|x64.ActiveCfg = Release|x64
		{6538C928-D736-446D-A070-6A232666656F}.Release|x64.Build.0 = Release|x64
		{6538C928-D736-446D-A070-6A232666656F}.Release|x86.ActiveCfg = Release|Win32
		{6538C928-D736-446D-A070-6A232666656F}.Release|x86.Build.0 = Release|Win32
		{3377AE64-7251-48B4-B964-31EC8E50429D}.Debug|x64.ActiveCfg = Debug|x64
		{3377AE64-7251-48B4-B964-31EC8E50429D}.Debug|x64.Build.0 = Debug|x64
		{3377AE64-7251-48B4-B964-31EC8E50429D}.Debug|x86.ActiveCfg = Debug|Win32
		{3377AE64-7251-48B4-B964-31EC8E50429D}.Debug|x86.Build.0 = Debug|Win32
		{3377AE64-7251-48B4-B964-31EC8E50429D}.Release|x64.ActiveCfg = Release|x64
		{3377AE64-7251-48B4-B964-31EC8E50429D}.Release|x64.Build.0 = Release|x64
		{3377AE64-7251-48B4-B964-31EC8E50429D}.Release|x86.ActiveCfg = Release|Win32
		{3377AE64-7251-48B4-B964-31EC8E50429D}.Release|x86.Build.0 = Release|Win32
		{256F1A07-AA4F-4607-BD8C-F7E0E5061C7A}.Debug|x64.ActiveCfg = Debug|x64
		{256F1A07-AA4F-4607-BD8C-F7E0E5061C7A}.Debug|x64.Build.0 = Debug|x64
		{256F1A07-AA4F-4607-BD8C-F7E0E5061C7A}.Debug|x86.ActiveCfg = Debug|Win32
		{256F1A07-AA4F-4607-BD8C-F7E0E5061C7A}.Debug|x86.Build.0 = Debug|Win32
		{256F1A07-AA4F-4607-BD8C-F7E0E5061C7A}.Release|x64.ActiveCfg = Release|x64
		{256F1A07-AA4F-4607-BD8C-F7E0E5061C7A}.Release|x64.Build.0 = Release|x64
		{256F1A07-AA4F-4607-BD8C-F7E0E5061C7A}.Release|x86.ActiveCfg = Release|Win32
		{256F1A07-AA4F-4607-BD8C-F7E0E5061C7A}.Release|x86.Build.0 = Release|Win32
		{3D7A37AE-A01D-49CC-BFC4-8A4AACFF480F}.Debug|x64.ActiveCfg = Debug|x64
		{3D7A37AE-A01D-49CC-BFC4-8A4AACFF480F}.Debug|x64.Build.0 = Debug|x64
		{3D7A37AE-A01D-49CC-BFC4-8A4AACFF480F}.Debug|x86.ActiveCfg = Debug|Win32
		{3D7A37AE-A01D-49CC-BFC4-8A4AACFF480F}.Debug|x86.Build.0 = Debug|Win32
		{3D7A37AE-A01D-49CC-BFC4-8A4AACFF480F}.Release|x64.ActiveCfg = Release|x64
		{3D7A37AE-A01D-49CC-BFC4-8A4AACFF480F}.Release|x64.Build.0 = Release|x64
		{3D7A37AE-A01D-49CC-BFC4-8A4AACFF480F}.Release|x86.ActiveCfg = Release|Win32
		{3D7A37AE-A01D-49CC-BFC4-8A4AACFF480F}.Release|x86.Build.0 = Release|Win32
		{64F22616-3744-44DA-B578-68E8FBD0D721}.Debug|x64.ActiveCfg = Debug|x64
		{64F22616-3744-44DA-B578-68E8FBD0D721}.Debug|x64.Build.0 = Debug|x64
		{64F22616-3744-44DA-B578-68E8FBD0D721}.Debug|x86.ActiveCfg = Debug|Win32
		{64F22616-3744-44DA-B578-68E8FBD0D721}.Debug|x86.Build.0 = Debug|Win32
		{64F22616-3744-44DA-B578-68E8FBD0D721}.Release|x64.ActiveCfg = Release|x64
		{64F22616-3744-44DA-B578-68E8FBD0D721}.Release|x64.Build.0 = Release|x64
		{64F22616-3744-44DA-B578-68E8FBD0D721}.Release|x86.ActiveCfg = Release|Win32
		{64F22616-3744-44DA-B578-68E8FBD0D721}.Release|x86.Build.0 = Release|Win32
	EndGlobalSection
	GlobalSection(SolutionProperties) = preSolution
		HideSolutionNode = FALSE
	EndGlobalSection
	GlobalSection(NestedProjects) = preSolution
		{F13D3374-D81C-46D7-B947-84D639038331} = {F2AEEDDA-C16D-4A93-8DAE-91870531CC24}
		{FAE12EF0-905F-4082-AD64-5E08EF500BBD} = {F2AEEDDA-C16D-4A93-8DAE-91870531CC24}
		{872A4C78-9087-4B32-907D-E54617D117DD} = {F2AEEDDA-C16D-4A93-8DAE-91870531CC24}
		{6CDD6C66-85C3-4EF9-AB7A-55F99C4F6DC8} = {F13D3374-D81C-46D7-B947-84D639038331}
		{57DA36AD-7EF5-4931-8815-58587D4DC84E} = {FAE12EF0-905F-4082-AD64-5E08EF500BBD}
		{54C268A0-86E7-4A16-84DE-148EF6EF89E8} = {872A4C78-9087-4B32-907D-E54617D117DD}
		{D6281013-D04A-433B-91A3-5819C086F901} = {BD0E6B72-4C8B-401A-A17C-046E3F59B49B}
		{39ECB0E5-8F8D-424C-837D-DB1D5C9F743C} = {F2AEEDDA-C16D-4A93-8DAE-91870531CC24}
		{30CE81A5-5F47-4D3F-9160-9DCC3C1BD9AB} = {39ECB0E5-8F8D-424C-837D-DB1D5C9F743C}
		{44C707DC-E063-4F9B-AB2E-852B8329A47E} = {65E8A6F2-767F-4CB2-8A47-35EF573BE9A7}
		{CCC10F47-224E-4BA8-8BA1-0B68F93096A7} = {BAB9BD61-97EC-4703-9D70-1F6F46FFB2F7}
		{6538C928-D736-446D-A070-6A232666656F} = {8A84CE3C-9E80-409A-B4CF-6A20E96E30EB}
		{03C71A89-24F1-4203-B4CE-F8B3A56BCF43} = {F2AEEDDA-C16D-4A93-8DAE-91870531CC24}
		{3377AE64-7251-48B4-B964-31EC8E50429D} = {03C71A89-24F1-4203-B4CE-F8B3A56BCF43}
		{17ECC12A-2DAE-499F-98EE-B5EB4A5C399C} = {F2AEEDDA-C16D-4A93-8DAE-91870531CC24}
		{256F1A07-AA4F-4607-BD8C-F7E0E5061C7A} = {17ECC12A-2DAE-499F-98EE-B5EB4A5C399C}
		{04078D66-CD80-4FB7-96F2-D9C12D6A5428} = {F2AEEDDA-C16D-4A93-8DAE-91870531CC24}
		{3D7A37AE-A01D-49CC-BFC4-8A4AACFF480F} = {04078D66-CD80-4FB7-96F2-D9C12D6A5428}
		{1F5881E4-9775-4608-8A6D-C908451AA1DD} = {F2AEEDDA-C16D-4A93-8DAE-91870531CC24}
		{64F22616-3744-44DA-B578-68E8FBD0D721} = {1F5881E4-9775-4608-8A6D-C908451AA1DD}
	EndGlobalSection
	GlobalSection(ExtensibilityGlobals) = postSolution
		SolutionGuid = {CFBB41E4-E1C6-4E31-934D-D5C82FF4D29E}
	EndGlobalSection
EndGlobal
